// !$*UTF8*$!
{
	archiveVersion = 1;
	classes = {
	};
	objectVersion = 46;
	objects = {

/* Begin PBXBuildFile section */
		431F793B1E9ABF4300EA37BE /* LoginController.m in Sources */ = {isa = PBXBuildFile; fileRef = 431F793A1E9ABF4300EA37BE /* LoginController.m */; };
		431F79411E9B731A00EA37BE /* ProfileController.m in Sources */ = {isa = PBXBuildFile; fileRef = 431F79401E9B731A00EA37BE /* ProfileController.m */; };
		431F79461E9BC8A400EA37BE /* EditProfileController.m in Sources */ = {isa = PBXBuildFile; fileRef = 431F79451E9BC8A400EA37BE /* EditProfileController.m */; };
		431F79491E9BCABC00EA37BE /* NewsController.m in Sources */ = {isa = PBXBuildFile; fileRef = 431F79481E9BCABC00EA37BE /* NewsController.m */; };
		431F794C1E9BCAC800EA37BE /* MenuController.m in Sources */ = {isa = PBXBuildFile; fileRef = 431F794B1E9BCAC800EA37BE /* MenuController.m */; };
		431F794F1E9BCAD700EA37BE /* RestaurantsController.m in Sources */ = {isa = PBXBuildFile; fileRef = 431F794E1E9BCAD700EA37BE /* RestaurantsController.m */; };
		431F79531E9BCB9200EA37BE /* User.m in Sources */ = {isa = PBXBuildFile; fileRef = 431F79521E9BCB9200EA37BE /* User.m */; };
		4395AF2B1E9914BE005577F5 /* main.m in Sources */ = {isa = PBXBuildFile; fileRef = 4395AF2A1E9914BE005577F5 /* main.m */; };
		4395AF2E1E9914BE005577F5 /* AppDelegate.m in Sources */ = {isa = PBXBuildFile; fileRef = 4395AF2D1E9914BE005577F5 /* AppDelegate.m */; };
		4395AF341E9914BE005577F5 /* Main.storyboard in Resources */ = {isa = PBXBuildFile; fileRef = 4395AF321E9914BE005577F5 /* Main.storyboard */; };
		4395AF361E9914BE005577F5 /* Assets.xcassets in Resources */ = {isa = PBXBuildFile; fileRef = 4395AF351E9914BE005577F5 /* Assets.xcassets */; };
		4395AF391E9914BE005577F5 /* LaunchScreen.storyboard in Resources */ = {isa = PBXBuildFile; fileRef = 4395AF371E9914BE005577F5 /* LaunchScreen.storyboard */; };
		4395AF411E99158E005577F5 /* GoogleService-Info.plist in Resources */ = {isa = PBXBuildFile; fileRef = 4395AF401E99158E005577F5 /* GoogleService-Info.plist */; };
		4395AF581E99192B005577F5 /* FirebaseAnalytics.framework in Frameworks */ = {isa = PBXBuildFile; fileRef = 4395AF431E991701005577F5 /* FirebaseAnalytics.framework */; };
		4395AF591E99192B005577F5 /* FirebaseCore.framework in Frameworks */ = {isa = PBXBuildFile; fileRef = 4395AF441E991701005577F5 /* FirebaseCore.framework */; };
		4395AF5A1E99192B005577F5 /* FirebaseInstanceID.framework in Frameworks */ = {isa = PBXBuildFile; fileRef = 4395AF451E991701005577F5 /* FirebaseInstanceID.framework */; };
		4395AF5B1E99192B005577F5 /* GoogleToolboxForMac.framework in Frameworks */ = {isa = PBXBuildFile; fileRef = 4395AF461E991701005577F5 /* GoogleToolboxForMac.framework */; };
		4395AF5C1E99193C005577F5 /* FirebaseStorage.framework in Frameworks */ = {isa = PBXBuildFile; fileRef = 4395AF541E99171D005577F5 /* FirebaseStorage.framework */; };
		4395AF5D1E99193C005577F5 /* GTMSessionFetcher.framework in Frameworks */ = {isa = PBXBuildFile; fileRef = 4395AF551E99171D005577F5 /* GTMSessionFetcher.framework */; };
		4395AF5E1E991948005577F5 /* FirebaseDatabase.framework in Frameworks */ = {isa = PBXBuildFile; fileRef = 4395AF511E991716005577F5 /* FirebaseDatabase.framework */; };
		4395AF5F1E991954005577F5 /* FirebaseAuth.framework in Frameworks */ = {isa = PBXBuildFile; fileRef = 4395AF4C1E99170B005577F5 /* FirebaseAuth.framework */; };
		4395AF601E991954005577F5 /* GTMSessionFetcher.framework in Frameworks */ = {isa = PBXBuildFile; fileRef = 4395AF4D1E99170B005577F5 /* GTMSessionFetcher.framework */; };
/* End PBXBuildFile section */

/* Begin PBXFileReference section */
		431F79391E9ABF4300EA37BE /* LoginController.h */ = {isa = PBXFileReference; fileEncoding = 4; lastKnownFileType = sourcecode.c.h; path = LoginController.h; sourceTree = "<group>"; };
		431F793A1E9ABF4300EA37BE /* LoginController.m */ = {isa = PBXFileReference; fileEncoding = 4; lastKnownFileType = sourcecode.c.objc; path = LoginController.m; sourceTree = "<group>"; };
		431F793F1E9B731A00EA37BE /* ProfileController.h */ = {isa = PBXFileReference; fileEncoding = 4; lastKnownFileType = sourcecode.c.h; path = ProfileController.h; sourceTree = "<group>"; };
		431F79401E9B731A00EA37BE /* ProfileController.m */ = {isa = PBXFileReference; fileEncoding = 4; lastKnownFileType = sourcecode.c.objc; path = ProfileController.m; sourceTree = "<group>"; };
		431F79441E9BC8A400EA37BE /* EditProfileController.h */ = {isa = PBXFileReference; fileEncoding = 4; lastKnownFileType = sourcecode.c.h; path = EditProfileController.h; sourceTree = "<group>"; };
		431F79451E9BC8A400EA37BE /* EditProfileController.m */ = {isa = PBXFileReference; fileEncoding = 4; lastKnownFileType = sourcecode.c.objc; path = EditProfileController.m; sourceTree = "<group>"; };
		431F79471E9BCABC00EA37BE /* NewsController.h */ = {isa = PBXFileReference; fileEncoding = 4; lastKnownFileType = sourcecode.c.h; path = NewsController.h; sourceTree = "<group>"; };
		431F79481E9BCABC00EA37BE /* NewsController.m */ = {isa = PBXFileReference; fileEncoding = 4; lastKnownFileType = sourcecode.c.objc; path = NewsController.m; sourceTree = "<group>"; };
		431F794A1E9BCAC800EA37BE /* MenuController.h */ = {isa = PBXFileReference; fileEncoding = 4; lastKnownFileType = sourcecode.c.h; path = MenuController.h; sourceTree = "<group>"; };
		431F794B1E9BCAC800EA37BE /* MenuController.m */ = {isa = PBXFileReference; fileEncoding = 4; lastKnownFileType = sourcecode.c.objc; path = MenuController.m; sourceTree = "<group>"; };
		431F794D1E9BCAD700EA37BE /* RestaurantsController.h */ = {isa = PBXFileReference; fileEncoding = 4; lastKnownFileType = sourcecode.c.h; path = RestaurantsController.h; sourceTree = "<group>"; };
		431F794E1E9BCAD700EA37BE /* RestaurantsController.m */ = {isa = PBXFileReference; fileEncoding = 4; lastKnownFileType = sourcecode.c.objc; path = RestaurantsController.m; sourceTree = "<group>"; };
		431F79511E9BCB9200EA37BE /* User.h */ = {isa = PBXFileReference; fileEncoding = 4; lastKnownFileType = sourcecode.c.h; path = User.h; sourceTree = "<group>"; };
		431F79521E9BCB9200EA37BE /* User.m */ = {isa = PBXFileReference; fileEncoding = 4; lastKnownFileType = sourcecode.c.objc; path = User.m; sourceTree = "<group>"; };
		4395AF261E9914BE005577F5 /* LoayaltyProgram.app */ = {isa = PBXFileReference; explicitFileType = wrapper.application; includeInIndex = 0; path = LoayaltyProgram.app; sourceTree = BUILT_PRODUCTS_DIR; };
		4395AF2A1E9914BE005577F5 /* main.m */ = {isa = PBXFileReference; lastKnownFileType = sourcecode.c.objc; path = main.m; sourceTree = "<group>"; };
		4395AF2C1E9914BE005577F5 /* AppDelegate.h */ = {isa = PBXFileReference; lastKnownFileType = sourcecode.c.h; path = AppDelegate.h; sourceTree = "<group>"; };
		4395AF2D1E9914BE005577F5 /* AppDelegate.m */ = {isa = PBXFileReference; lastKnownFileType = sourcecode.c.objc; path = AppDelegate.m; sourceTree = "<group>"; };
		4395AF331E9914BE005577F5 /* Base */ = {isa = PBXFileReference; lastKnownFileType = file.storyboard; name = Base; path = Base.lproj/Main.storyboard; sourceTree = "<group>"; };
		4395AF351E9914BE005577F5 /* Assets.xcassets */ = {isa = PBXFileReference; lastKnownFileType = folder.assetcatalog; path = Assets.xcassets; sourceTree = "<group>"; };
		4395AF381E9914BE005577F5 /* Base */ = {isa = PBXFileReference; lastKnownFileType = file.storyboard; name = Base; path = Base.lproj/LaunchScreen.storyboard; sourceTree = "<group>"; };
		4395AF3A1E9914BE005577F5 /* Info.plist */ = {isa = PBXFileReference; lastKnownFileType = text.plist.xml; path = Info.plist; sourceTree = "<group>"; };
		4395AF401E99158E005577F5 /* GoogleService-Info.plist */ = {isa = PBXFileReference; fileEncoding = 4; lastKnownFileType = text.plist.xml; path = "GoogleService-Info.plist"; sourceTree = "<group>"; };
		4395AF431E991701005577F5 /* FirebaseAnalytics.framework */ = {isa = PBXFileReference; lastKnownFileType = wrapper.framework; path = FirebaseAnalytics.framework; sourceTree = "<group>"; };
		4395AF441E991701005577F5 /* FirebaseCore.framework */ = {isa = PBXFileReference; lastKnownFileType = wrapper.framework; path = FirebaseCore.framework; sourceTree = "<group>"; };
		4395AF451E991701005577F5 /* FirebaseInstanceID.framework */ = {isa = PBXFileReference; lastKnownFileType = wrapper.framework; path = FirebaseInstanceID.framework; sourceTree = "<group>"; };
		4395AF461E991701005577F5 /* GoogleToolboxForMac.framework */ = {isa = PBXFileReference; lastKnownFileType = wrapper.framework; path = GoogleToolboxForMac.framework; sourceTree = "<group>"; };
		4395AF4C1E99170B005577F5 /* FirebaseAuth.framework */ = {isa = PBXFileReference; lastKnownFileType = wrapper.framework; path = FirebaseAuth.framework; sourceTree = "<group>"; };
		4395AF4D1E99170B005577F5 /* GTMSessionFetcher.framework */ = {isa = PBXFileReference; lastKnownFileType = wrapper.framework; path = GTMSessionFetcher.framework; sourceTree = "<group>"; };
		4395AF511E991716005577F5 /* FirebaseDatabase.framework */ = {isa = PBXFileReference; lastKnownFileType = wrapper.framework; path = FirebaseDatabase.framework; sourceTree = "<group>"; };
		4395AF541E99171D005577F5 /* FirebaseStorage.framework */ = {isa = PBXFileReference; lastKnownFileType = wrapper.framework; path = FirebaseStorage.framework; sourceTree = "<group>"; };
		4395AF551E99171D005577F5 /* GTMSessionFetcher.framework */ = {isa = PBXFileReference; lastKnownFileType = wrapper.framework; path = GTMSessionFetcher.framework; sourceTree = "<group>"; };
		4395AF611E99198D005577F5 /* Firebase.h */ = {isa = PBXFileReference; lastKnownFileType = sourcecode.c.h; path = Firebase.h; sourceTree = "<group>"; };
/* End PBXFileReference section */

/* Begin PBXFrameworksBuildPhase section */
		4395AF231E9914BE005577F5 /* Frameworks */ = {
			isa = PBXFrameworksBuildPhase;
			buildActionMask = 2147483647;
			files = (
				4395AF5F1E991954005577F5 /* FirebaseAuth.framework in Frameworks */,
				4395AF601E991954005577F5 /* GTMSessionFetcher.framework in Frameworks */,
				4395AF5E1E991948005577F5 /* FirebaseDatabase.framework in Frameworks */,
				4395AF5C1E99193C005577F5 /* FirebaseStorage.framework in Frameworks */,
				4395AF5D1E99193C005577F5 /* GTMSessionFetcher.framework in Frameworks */,
				4395AF581E99192B005577F5 /* FirebaseAnalytics.framework in Frameworks */,
				4395AF591E99192B005577F5 /* FirebaseCore.framework in Frameworks */,
				4395AF5A1E99192B005577F5 /* FirebaseInstanceID.framework in Frameworks */,
				4395AF5B1E99192B005577F5 /* GoogleToolboxForMac.framework in Frameworks */,
			);
			runOnlyForDeploymentPostprocessing = 0;
		};
/* End PBXFrameworksBuildPhase section */

/* Begin PBXGroup section */
		431F79381E9ABF2200EA37BE /* Controller */ = {
			isa = PBXGroup;
			children = (
				431F795B1E9BCCA700EA37BE /* Login/Registartion */,
				431F79571E9BCC6F00EA37BE /* Profile */,
				431F79581E9BCC7900EA37BE /* News */,
				431F79591E9BCC8000EA37BE /* Menu */,
				431F795A1E9BCC8700EA37BE /* Restaurants */,
			);
			name = Controller;
			sourceTree = "<group>";
		};
		431F79501E9BCB7600EA37BE /* Models */ = {
			isa = PBXGroup;
			children = (
				431F79511E9BCB9200EA37BE /* User.h */,
				431F79521E9BCB9200EA37BE /* User.m */,
			);
			name = Models;
			sourceTree = "<group>";
		};
		431F79571E9BCC6F00EA37BE /* Profile */ = {
			isa = PBXGroup;
			children = (
				431F793F1E9B731A00EA37BE /* ProfileController.h */,
				431F79401E9B731A00EA37BE /* ProfileController.m */,
				431F79441E9BC8A400EA37BE /* EditProfileController.h */,
				431F79451E9BC8A400EA37BE /* EditProfileController.m */,
			);
			name = Profile;
			sourceTree = "<group>";
		};
		431F79581E9BCC7900EA37BE /* News */ = {
			isa = PBXGroup;
			children = (
				431F79471E9BCABC00EA37BE /* NewsController.h */,
				431F79481E9BCABC00EA37BE /* NewsController.m */,
			);
			name = News;
			sourceTree = "<group>";
		};
		431F79591E9BCC8000EA37BE /* Menu */ = {
			isa = PBXGroup;
			children = (
				431F794A1E9BCAC800EA37BE /* MenuController.h */,
				431F794B1E9BCAC800EA37BE /* MenuController.m */,
			);
			name = Menu;
			sourceTree = "<group>";
		};
		431F795A1E9BCC8700EA37BE /* Restaurants */ = {
			isa = PBXGroup;
			children = (
				431F794D1E9BCAD700EA37BE /* RestaurantsController.h */,
				431F794E1E9BCAD700EA37BE /* RestaurantsController.m */,
			);
			name = Restaurants;
			sourceTree = "<group>";
		};
		431F795B1E9BCCA700EA37BE /* Login/Registartion */ = {
			isa = PBXGroup;
			children = (
				431F79391E9ABF4300EA37BE /* LoginController.h */,
				431F793A1E9ABF4300EA37BE /* LoginController.m */,
			);
			name = Login/Registartion;
			sourceTree = "<group>";
		};
		4395AF1D1E9914BE005577F5 = {
			isa = PBXGroup;
			children = (
				4395AF281E9914BE005577F5 /* LoayaltyProgram */,
				4395AF271E9914BE005577F5 /* Products */,
			);
			sourceTree = "<group>";
		};
		4395AF271E9914BE005577F5 /* Products */ = {
			isa = PBXGroup;
			children = (
				4395AF261E9914BE005577F5 /* LoayaltyProgram.app */,
			);
			name = Products;
			sourceTree = "<group>";
		};
		4395AF281E9914BE005577F5 /* LoayaltyProgram */ = {
			isa = PBXGroup;
			children = (
				4395AF2C1E9914BE005577F5 /* AppDelegate.h */,
				4395AF2D1E9914BE005577F5 /* AppDelegate.m */,
				431F79501E9BCB7600EA37BE /* Models */,
				431F79381E9ABF2200EA37BE /* Controller */,
				4395AF321E9914BE005577F5 /* Main.storyboard */,
				4395AF351E9914BE005577F5 /* Assets.xcassets */,
				4395AF371E9914BE005577F5 /* LaunchScreen.storyboard */,
				4395AF401E99158E005577F5 /* GoogleService-Info.plist */,
				4395AF3A1E9914BE005577F5 /* Info.plist */,
				4395AF621E9919BB005577F5 /* Firebase */,
				4395AF291E9914BE005577F5 /* Supporting Files */,
			);
			path = LoayaltyProgram;
			sourceTree = "<group>";
		};
		4395AF291E9914BE005577F5 /* Supporting Files */ = {
			isa = PBXGroup;
			children = (
				4395AF2A1E9914BE005577F5 /* main.m */,
			);
			name = "Supporting Files";
			sourceTree = "<group>";
		};
		4395AF421E991701005577F5 /* Analytics */ = {
			isa = PBXGroup;
			children = (
				4395AF431E991701005577F5 /* FirebaseAnalytics.framework */,
				4395AF441E991701005577F5 /* FirebaseCore.framework */,
				4395AF451E991701005577F5 /* FirebaseInstanceID.framework */,
				4395AF461E991701005577F5 /* GoogleToolboxForMac.framework */,
			);
			path = Analytics;
			sourceTree = "<group>";
		};
		4395AF4B1E99170B005577F5 /* Auth */ = {
			isa = PBXGroup;
			children = (
				4395AF4C1E99170B005577F5 /* FirebaseAuth.framework */,
				4395AF4D1E99170B005577F5 /* GTMSessionFetcher.framework */,
			);
			path = Auth;
			sourceTree = "<group>";
		};
		4395AF501E991716005577F5 /* Database */ = {
			isa = PBXGroup;
			children = (
				4395AF511E991716005577F5 /* FirebaseDatabase.framework */,
			);
			path = Database;
			sourceTree = "<group>";
		};
		4395AF531E99171D005577F5 /* Storage */ = {
			isa = PBXGroup;
			children = (
				4395AF541E99171D005577F5 /* FirebaseStorage.framework */,
				4395AF551E99171D005577F5 /* GTMSessionFetcher.framework */,
			);
			path = Storage;
			sourceTree = "<group>";
		};
		4395AF621E9919BB005577F5 /* Firebase */ = {
			isa = PBXGroup;
			children = (
				4395AF611E99198D005577F5 /* Firebase.h */,
				4395AF421E991701005577F5 /* Analytics */,
				4395AF4B1E99170B005577F5 /* Auth */,
				4395AF501E991716005577F5 /* Database */,
				4395AF531E99171D005577F5 /* Storage */,
			);
			name = Firebase;
			sourceTree = "<group>";
		};
/* End PBXGroup section */

/* Begin PBXNativeTarget section */
		4395AF251E9914BE005577F5 /* LoayaltyProgram */ = {
			isa = PBXNativeTarget;
			buildConfigurationList = 4395AF3D1E9914BE005577F5 /* Build configuration list for PBXNativeTarget "LoayaltyProgram" */;
			buildPhases = (
				4395AF221E9914BE005577F5 /* Sources */,
				4395AF231E9914BE005577F5 /* Frameworks */,
				4395AF241E9914BE005577F5 /* Resources */,
			);
			buildRules = (
			);
			dependencies = (
			);
			name = LoayaltyProgram;
			productName = LoayaltyProgram;
			productReference = 4395AF261E9914BE005577F5 /* LoayaltyProgram.app */;
			productType = "com.apple.product-type.application";
		};
/* End PBXNativeTarget section */

/* Begin PBXProject section */
		4395AF1E1E9914BE005577F5 /* Project object */ = {
			isa = PBXProject;
			attributes = {
				LastUpgradeCheck = 0820;
				ORGANIZATIONNAME = "Bogdan Chaikovsky";
				TargetAttributes = {
					4395AF251E9914BE005577F5 = {
						CreatedOnToolsVersion = 8.2;
						DevelopmentTeam = LB8V6BYW89;
						ProvisioningStyle = Automatic;
					};
				};
			};
			buildConfigurationList = 4395AF211E9914BE005577F5 /* Build configuration list for PBXProject "LoayaltyProgram" */;
			compatibilityVersion = "Xcode 3.2";
			developmentRegion = English;
			hasScannedForEncodings = 0;
			knownRegions = (
				en,
				Base,
			);
			mainGroup = 4395AF1D1E9914BE005577F5;
			productRefGroup = 4395AF271E9914BE005577F5 /* Products */;
			projectDirPath = "";
			projectRoot = "";
			targets = (
				4395AF251E9914BE005577F5 /* LoayaltyProgram */,
			);
		};
/* End PBXProject section */

/* Begin PBXResourcesBuildPhase section */
		4395AF241E9914BE005577F5 /* Resources */ = {
			isa = PBXResourcesBuildPhase;
			buildActionMask = 2147483647;
			files = (
				4395AF391E9914BE005577F5 /* LaunchScreen.storyboard in Resources */,
				4395AF411E99158E005577F5 /* GoogleService-Info.plist in Resources */,
				4395AF361E9914BE005577F5 /* Assets.xcassets in Resources */,
				4395AF341E9914BE005577F5 /* Main.storyboard in Resources */,
			);
			runOnlyForDeploymentPostprocessing = 0;
		};
/* End PBXResourcesBuildPhase section */

/* Begin PBXSourcesBuildPhase section */
		4395AF221E9914BE005577F5 /* Sources */ = {
			isa = PBXSourcesBuildPhase;
			buildActionMask = 2147483647;
			files = (
				4395AF2E1E9914BE005577F5 /* AppDelegate.m in Sources */,
				431F794C1E9BCAC800EA37BE /* MenuController.m in Sources */,
				431F79531E9BCB9200EA37BE /* User.m in Sources */,
				431F79411E9B731A00EA37BE /* ProfileController.m in Sources */,
				431F79491E9BCABC00EA37BE /* NewsController.m in Sources */,
				431F794F1E9BCAD700EA37BE /* RestaurantsController.m in Sources */,
				4395AF2B1E9914BE005577F5 /* main.m in Sources */,
				431F79461E9BC8A400EA37BE /* EditProfileController.m in Sources */,
				431F793B1E9ABF4300EA37BE /* LoginController.m in Sources */,
			);
			runOnlyForDeploymentPostprocessing = 0;
		};
/* End PBXSourcesBuildPhase section */

/* Begin PBXVariantGroup section */
		4395AF321E9914BE005577F5 /* Main.storyboard */ = {
			isa = PBXVariantGroup;
			children = (
				4395AF331E9914BE005577F5 /* Base */,
			);
			name = Main.storyboard;
			sourceTree = "<group>";
		};
		4395AF371E9914BE005577F5 /* LaunchScreen.storyboard */ = {
			isa = PBXVariantGroup;
			children = (
				4395AF381E9914BE005577F5 /* Base */,
			);
			name = LaunchScreen.storyboard;
			sourceTree = "<group>";
		};
/* End PBXVariantGroup section */

/* Begin XCBuildConfiguration section */
		4395AF3B1E9914BE005577F5 /* Debug */ = {
			isa = XCBuildConfiguration;
			buildSettings = {
				ALWAYS_SEARCH_USER_PATHS = NO;
				CLANG_ANALYZER_NONNULL = YES;
				CLANG_CXX_LANGUAGE_STANDARD = "gnu++0x";
				CLANG_CXX_LIBRARY = "libc++";
				CLANG_ENABLE_MODULES = YES;
				CLANG_ENABLE_OBJC_ARC = YES;
				CLANG_WARN_BOOL_CONVERSION = YES;
				CLANG_WARN_CONSTANT_CONVERSION = YES;
				CLANG_WARN_DIRECT_OBJC_ISA_USAGE = YES_ERROR;
				CLANG_WARN_DOCUMENTATION_COMMENTS = YES;
				CLANG_WARN_EMPTY_BODY = YES;
				CLANG_WARN_ENUM_CONVERSION = YES;
				CLANG_WARN_INFINITE_RECURSION = YES;
				CLANG_WARN_INT_CONVERSION = YES;
				CLANG_WARN_OBJC_ROOT_CLASS = YES_ERROR;
				CLANG_WARN_SUSPICIOUS_MOVE = YES;
				CLANG_WARN_UNREACHABLE_CODE = YES;
				CLANG_WARN__DUPLICATE_METHOD_MATCH = YES;
				"CODE_SIGN_IDENTITY[sdk=iphoneos*]" = "iPhone Developer";
				COPY_PHASE_STRIP = NO;
				DEBUG_INFORMATION_FORMAT = dwarf;
				ENABLE_STRICT_OBJC_MSGSEND = YES;
				ENABLE_TESTABILITY = YES;
				GCC_C_LANGUAGE_STANDARD = gnu99;
				GCC_DYNAMIC_NO_PIC = NO;
				GCC_NO_COMMON_BLOCKS = YES;
				GCC_OPTIMIZATION_LEVEL = 0;
				GCC_PREPROCESSOR_DEFINITIONS = (
					"DEBUG=1",
					"$(inherited)",
				);
				GCC_WARN_64_TO_32_BIT_CONVERSION = YES;
				GCC_WARN_ABOUT_RETURN_TYPE = YES_ERROR;
				GCC_WARN_UNDECLARED_SELECTOR = YES;
				GCC_WARN_UNINITIALIZED_AUTOS = YES_AGGRESSIVE;
				GCC_WARN_UNUSED_FUNCTION = YES;
				GCC_WARN_UNUSED_VARIABLE = YES;
				IPHONEOS_DEPLOYMENT_TARGET = 9.0;
				MTL_ENABLE_DEBUG_INFO = YES;
				ONLY_ACTIVE_ARCH = YES;
				OTHER_LDFLAGS = (
					"$(OTHER_LDFLAGS)",
					"-ObjC",
				);
				SDKROOT = iphoneos;
				TARGETED_DEVICE_FAMILY = "1,2";
			};
			name = Debug;
		};
		4395AF3C1E9914BE005577F5 /* Release */ = {
			isa = XCBuildConfiguration;
			buildSettings = {
				ALWAYS_SEARCH_USER_PATHS = NO;
				CLANG_ANALYZER_NONNULL = YES;
				CLANG_CXX_LANGUAGE_STANDARD = "gnu++0x";
				CLANG_CXX_LIBRARY = "libc++";
				CLANG_ENABLE_MODULES = YES;
				CLANG_ENABLE_OBJC_ARC = YES;
				CLANG_WARN_BOOL_CONVERSION = YES;
				CLANG_WARN_CONSTANT_CONVERSION = YES;
				CLANG_WARN_DIRECT_OBJC_ISA_USAGE = YES_ERROR;
				CLANG_WARN_DOCUMENTATION_COMMENTS = YES;
				CLANG_WARN_EMPTY_BODY = YES;
				CLANG_WARN_ENUM_CONVERSION = YES;
				CLANG_WARN_INFINITE_RECURSION = YES;
				CLANG_WARN_INT_CONVERSION = YES;
				CLANG_WARN_OBJC_ROOT_CLASS = YES_ERROR;
				CLANG_WARN_SUSPICIOUS_MOVE = YES;
				CLANG_WARN_UNREACHABLE_CODE = YES;
				CLANG_WARN__DUPLICATE_METHOD_MATCH = YES;
				"CODE_SIGN_IDENTITY[sdk=iphoneos*]" = "iPhone Developer";
				COPY_PHASE_STRIP = NO;
				DEBUG_INFORMATION_FORMAT = "dwarf-with-dsym";
				ENABLE_NS_ASSERTIONS = NO;
				ENABLE_STRICT_OBJC_MSGSEND = YES;
				GCC_C_LANGUAGE_STANDARD = gnu99;
				GCC_NO_COMMON_BLOCKS = YES;
				GCC_WARN_64_TO_32_BIT_CONVERSION = YES;
				GCC_WARN_ABOUT_RETURN_TYPE = YES_ERROR;
				GCC_WARN_UNDECLARED_SELECTOR = YES;
				GCC_WARN_UNINITIALIZED_AUTOS = YES_AGGRESSIVE;
				GCC_WARN_UNUSED_FUNCTION = YES;
				GCC_WARN_UNUSED_VARIABLE = YES;
				IPHONEOS_DEPLOYMENT_TARGET = 9.0;
				MTL_ENABLE_DEBUG_INFO = NO;
				OTHER_LDFLAGS = (
					"$(OTHER_LDFLAGS)",
					"-ObjC",
				);
				SDKROOT = iphoneos;
				TARGETED_DEVICE_FAMILY = "1,2";
				VALIDATE_PRODUCT = YES;
			};
			name = Release;
		};
		4395AF3E1E9914BE005577F5 /* Debug */ = {
			isa = XCBuildConfiguration;
			buildSettings = {
				ASSETCATALOG_COMPILER_APPICON_NAME = AppIcon;
				DEVELOPMENT_TEAM = LB8V6BYW89;
				FRAMEWORK_SEARCH_PATHS = (
					"$(inherited)",
					"$(PROJECT_DIR)/LoayaltyProgram/Analytics",
					"$(PROJECT_DIR)/LoayaltyProgram/Auth",
					"$(PROJECT_DIR)/LoayaltyProgram/Database",
					"$(PROJECT_DIR)/LoayaltyProgram/Storage",
				);
				INFOPLIST_FILE = LoayaltyProgram/Info.plist;
				IPHONEOS_DEPLOYMENT_TARGET = 9.0;
				LD_RUNPATH_SEARCH_PATHS = "$(inherited) @executable_path/Frameworks";
				PRODUCT_BUNDLE_IDENTIFIER = com.chaikovsky.LoayaltyProgram;
				PRODUCT_NAME = "$(TARGET_NAME)";
			};
			name = Debug;
		};
		4395AF3F1E9914BE005577F5 /* Release */ = {
			isa = XCBuildConfiguration;
			buildSettings = {
				ASSETCATALOG_COMPILER_APPICON_NAME = AppIcon;
				DEVELOPMENT_TEAM = LB8V6BYW89;
				FRAMEWORK_SEARCH_PATHS = (
					"$(inherited)",
					"$(PROJECT_DIR)/LoayaltyProgram/Analytics",
					"$(PROJECT_DIR)/LoayaltyProgram/Auth",
					"$(PROJECT_DIR)/LoayaltyProgram/Database",
					"$(PROJECT_DIR)/LoayaltyProgram/Storage",
				);
				INFOPLIST_FILE = LoayaltyProgram/Info.plist;
				IPHONEOS_DEPLOYMENT_TARGET = 9.0;
				LD_RUNPATH_SEARCH_PATHS = "$(inherited) @executable_path/Frameworks";
				PRODUCT_BUNDLE_IDENTIFIER = com.chaikovsky.LoayaltyProgram;
				PRODUCT_NAME = "$(TARGET_NAME)";
			};
			name = Release;
		};
/* End XCBuildConfiguration section */

/* Begin XCConfigurationList section */
		4395AF211E9914BE005577F5 /* Build configuration list for PBXProject "LoayaltyProgram" */ = {
			isa = XCConfigurationList;
			buildConfigurations = (
				4395AF3B1E9914BE005577F5 /* Debug */,
				4395AF3C1E9914BE005577F5 /* Release */,
			);
			defaultConfigurationIsVisible = 0;
			defaultConfigurationName = Release;
		};
		4395AF3D1E9914BE005577F5 /* Build configuration list for PBXNativeTarget "LoayaltyProgram" */ = {
			isa = XCConfigurationList;
			buildConfigurations = (
				4395AF3E1E9914BE005577F5 /* Debug */,
				4395AF3F1E9914BE005577F5 /* Release */,
			);
			defaultConfigurationIsVisible = 0;
			defaultConfigurationName = Release;
		};
/* End XCConfigurationList section */
	};
	rootObject = 4395AF1E1E9914BE005577F5 /* Project object */;
}
