// !$*UTF8*$!
{
	archiveVersion = 1;
	classes = {
	};
	objectVersion = 46;
	objects = {

/* Begin PBXBuildFile section */
		431F793B1E9ABF4300EA37BE /* LoginController.m in Sources */ = {isa = PBXBuildFile; fileRef = 431F793A1E9ABF4300EA37BE /* LoginController.m */; };
		431F79411E9B731A00EA37BE /* ProfileController.m in Sources */ = {isa = PBXBuildFile; fileRef = 431F79401E9B731A00EA37BE /* ProfileController.m */; };
		431F794F1E9BCAD700EA37BE /* RestaurantsController.m in Sources */ = {isa = PBXBuildFile; fileRef = 431F794E1E9BCAD700EA37BE /* RestaurantsController.m */; };
		431F79531E9BCB9200EA37BE /* User.m in Sources */ = {isa = PBXBuildFile; fileRef = 431F79521E9BCB9200EA37BE /* User.m */; };
		431F79651E9D58DF00EA37BE /* MenuController.m in Sources */ = {isa = PBXBuildFile; fileRef = 431F79641E9D58DF00EA37BE /* MenuController.m */; };
		431F796E1E9D5AB900EA37BE /* MenuCell.m in Sources */ = {isa = PBXBuildFile; fileRef = 431F796D1E9D5AB900EA37BE /* MenuCell.m */; };
		431F79751E9D689C00EA37BE /* CategoryController.m in Sources */ = {isa = PBXBuildFile; fileRef = 431F79741E9D689C00EA37BE /* CategoryController.m */; };
		431F79781E9D68AE00EA37BE /* CategoryCell.m in Sources */ = {isa = PBXBuildFile; fileRef = 431F79771E9D68AE00EA37BE /* CategoryCell.m */; };
		431F797B1E9D6AFE00EA37BE /* NewsCell.m in Sources */ = {isa = PBXBuildFile; fileRef = 431F797A1E9D6AFE00EA37BE /* NewsCell.m */; };
		431F797E1E9D6B0B00EA37BE /* NewsController.m in Sources */ = {isa = PBXBuildFile; fileRef = 431F797D1E9D6B0B00EA37BE /* NewsController.m */; };
		431F79811E9D6B2000EA37BE /* NewsInfoController.m in Sources */ = {isa = PBXBuildFile; fileRef = 431F79801E9D6B2000EA37BE /* NewsInfoController.m */; };
		431F79871E9D6D8000EA37BE /* Restaurant.m in Sources */ = {isa = PBXBuildFile; fileRef = 431F79861E9D6D8000EA37BE /* Restaurant.m */; };
		431F798A1E9D701300EA37BE /* CoreLocation.framework in Frameworks */ = {isa = PBXBuildFile; fileRef = 431F79891E9D701300EA37BE /* CoreLocation.framework */; };
		431F798C1E9D701900EA37BE /* MapKit.framework in Frameworks */ = {isa = PBXBuildFile; fileRef = 431F798B1E9D701900EA37BE /* MapKit.framework */; };
		432902A31EE19D9F00BE9D07 /* SettingsController.m in Sources */ = {isa = PBXBuildFile; fileRef = 432902A21EE19D9F00BE9D07 /* SettingsController.m */; };
		433363D21EE2CD3900DCCDE2 /* MessageUI.framework in Frameworks */ = {isa = PBXBuildFile; fileRef = 433363D11EE2CD3900DCCDE2 /* MessageUI.framework */; };
		433363D41EE2CD4F00DCCDE2 /* UIKit.framework in Frameworks */ = {isa = PBXBuildFile; fileRef = 433363D31EE2CD4F00DCCDE2 /* UIKit.framework */; };
		433363DA1EE2DD3700DCCDE2 /* FAQController.m in Sources */ = {isa = PBXBuildFile; fileRef = 433363D91EE2DD3700DCCDE2 /* FAQController.m */; };
		433363DD1EE2DD6A00DCCDE2 /* FAQItemController.m in Sources */ = {isa = PBXBuildFile; fileRef = 433363DC1EE2DD6A00DCCDE2 /* FAQItemController.m */; };
		433363E01EE2DD7C00DCCDE2 /* AboutUsController.m in Sources */ = {isa = PBXBuildFile; fileRef = 433363DF1EE2DD7C00DCCDE2 /* AboutUsController.m */; };
		433363E61EE2E3E600DCCDE2 /* Question.m in Sources */ = {isa = PBXBuildFile; fileRef = 433363E51EE2E3E600DCCDE2 /* Question.m */; };
		435ECC871ED17BB400031784 /* LogViewController.m in Sources */ = {isa = PBXBuildFile; fileRef = 435ECC861ED17BB400031784 /* LogViewController.m */; };
		435ECC8A1ED1EB7F00031784 /* GridViewController.m in Sources */ = {isa = PBXBuildFile; fileRef = 435ECC891ED1EB7F00031784 /* GridViewController.m */; };
		435ECCCE1EDC1AC200031784 /* Category.m in Sources */ = {isa = PBXBuildFile; fileRef = 435ECCCD1EDC1AC200031784 /* Category.m */; };
		435ECCD11EDC1AD300031784 /* Product.m in Sources */ = {isa = PBXBuildFile; fileRef = 435ECCD01EDC1AD300031784 /* Product.m */; };
		4395AF2B1E9914BE005577F5 /* main.m in Sources */ = {isa = PBXBuildFile; fileRef = 4395AF2A1E9914BE005577F5 /* main.m */; };
		4395AF2E1E9914BE005577F5 /* AppDelegate.m in Sources */ = {isa = PBXBuildFile; fileRef = 4395AF2D1E9914BE005577F5 /* AppDelegate.m */; };
		4395AF341E9914BE005577F5 /* Main.storyboard in Resources */ = {isa = PBXBuildFile; fileRef = 4395AF321E9914BE005577F5 /* Main.storyboard */; };
		4395AF361E9914BE005577F5 /* Assets.xcassets in Resources */ = {isa = PBXBuildFile; fileRef = 4395AF351E9914BE005577F5 /* Assets.xcassets */; };
		4395AF391E9914BE005577F5 /* LaunchScreen.storyboard in Resources */ = {isa = PBXBuildFile; fileRef = 4395AF371E9914BE005577F5 /* LaunchScreen.storyboard */; };
		4395AF411E99158E005577F5 /* GoogleService-Info.plist in Resources */ = {isa = PBXBuildFile; fileRef = 4395AF401E99158E005577F5 /* GoogleService-Info.plist */; };
		4395AF581E99192B005577F5 /* FirebaseAnalytics.framework in Frameworks */ = {isa = PBXBuildFile; fileRef = 4395AF431E991701005577F5 /* FirebaseAnalytics.framework */; };
		4395AF591E99192B005577F5 /* FirebaseCore.framework in Frameworks */ = {isa = PBXBuildFile; fileRef = 4395AF441E991701005577F5 /* FirebaseCore.framework */; };
		4395AF5A1E99192B005577F5 /* FirebaseInstanceID.framework in Frameworks */ = {isa = PBXBuildFile; fileRef = 4395AF451E991701005577F5 /* FirebaseInstanceID.framework */; };
		4395AF5B1E99192B005577F5 /* GoogleToolboxForMac.framework in Frameworks */ = {isa = PBXBuildFile; fileRef = 4395AF461E991701005577F5 /* GoogleToolboxForMac.framework */; };
		4395AF5C1E99193C005577F5 /* FirebaseStorage.framework in Frameworks */ = {isa = PBXBuildFile; fileRef = 4395AF541E99171D005577F5 /* FirebaseStorage.framework */; };
		4395AF5D1E99193C005577F5 /* GTMSessionFetcher.framework in Frameworks */ = {isa = PBXBuildFile; fileRef = 4395AF551E99171D005577F5 /* GTMSessionFetcher.framework */; };
		4395AF5E1E991948005577F5 /* FirebaseDatabase.framework in Frameworks */ = {isa = PBXBuildFile; fileRef = 4395AF511E991716005577F5 /* FirebaseDatabase.framework */; };
		4395AF5F1E991954005577F5 /* FirebaseAuth.framework in Frameworks */ = {isa = PBXBuildFile; fileRef = 4395AF4C1E99170B005577F5 /* FirebaseAuth.framework */; };
		4395AF601E991954005577F5 /* GTMSessionFetcher.framework in Frameworks */ = {isa = PBXBuildFile; fileRef = 4395AF4D1E99170B005577F5 /* GTMSessionFetcher.framework */; };
		43B3C6541E9D7B2F00588A5E /* GuestCardController.m in Sources */ = {isa = PBXBuildFile; fileRef = 43B3C6531E9D7B2F00588A5E /* GuestCardController.m */; };
		43B3C65E1E9D958400588A5E /* News.m in Sources */ = {isa = PBXBuildFile; fileRef = 43B3C65D1E9D958400588A5E /* News.m */; };
		43B3C6621E9DAC5200588A5E /* TabBarIcons.xcassets in Resources */ = {isa = PBXBuildFile; fileRef = 43B3C6611E9DAC5200588A5E /* TabBarIcons.xcassets */; };
		43B3C66D1EA391DC00588A5E /* EditProfileController.m in Sources */ = {isa = PBXBuildFile; fileRef = 43B3C66C1EA391DC00588A5E /* EditProfileController.m */; };
		B03421DA1ED4182A0054E3ED /* UIViewController+Alerts.m in Sources */ = {isa = PBXBuildFile; fileRef = B03421D91ED4182A0054E3ED /* UIViewController+Alerts.m */; };
		B0752BE81EE14D32006DDCCA /* UIElements.xcassets in Resources */ = {isa = PBXBuildFile; fileRef = B0752BE71EE14D32006DDCCA /* UIElements.xcassets */; };
		B0752BEA1EE15600006DDCCA /* QuartzCore.framework in Frameworks */ = {isa = PBXBuildFile; fileRef = B0752BE91EE15600006DDCCA /* QuartzCore.framework */; };
/* End PBXBuildFile section */

/* Begin PBXFileReference section */
		431F79391E9ABF4300EA37BE /* LoginController.h */ = {isa = PBXFileReference; fileEncoding = 4; lastKnownFileType = sourcecode.c.h; path = LoginController.h; sourceTree = "<group>"; };
		431F793A1E9ABF4300EA37BE /* LoginController.m */ = {isa = PBXFileReference; fileEncoding = 4; lastKnownFileType = sourcecode.c.objc; path = LoginController.m; sourceTree = "<group>"; };
		431F793F1E9B731A00EA37BE /* ProfileController.h */ = {isa = PBXFileReference; fileEncoding = 4; lastKnownFileType = sourcecode.c.h; path = ProfileController.h; sourceTree = "<group>"; };
		431F79401E9B731A00EA37BE /* ProfileController.m */ = {isa = PBXFileReference; fileEncoding = 4; lastKnownFileType = sourcecode.c.objc; path = ProfileController.m; sourceTree = "<group>"; };
		431F794D1E9BCAD700EA37BE /* RestaurantsController.h */ = {isa = PBXFileReference; fileEncoding = 4; lastKnownFileType = sourcecode.c.h; path = RestaurantsController.h; sourceTree = "<group>"; };
		431F794E1E9BCAD700EA37BE /* RestaurantsController.m */ = {isa = PBXFileReference; fileEncoding = 4; lastKnownFileType = sourcecode.c.objc; path = RestaurantsController.m; sourceTree = "<group>"; };
		431F79511E9BCB9200EA37BE /* User.h */ = {isa = PBXFileReference; fileEncoding = 4; lastKnownFileType = sourcecode.c.h; path = User.h; sourceTree = "<group>"; };
		431F79521E9BCB9200EA37BE /* User.m */ = {isa = PBXFileReference; fileEncoding = 4; lastKnownFileType = sourcecode.c.objc; path = User.m; sourceTree = "<group>"; };
		431F79631E9D58DF00EA37BE /* MenuController.h */ = {isa = PBXFileReference; fileEncoding = 4; lastKnownFileType = sourcecode.c.h; path = MenuController.h; sourceTree = "<group>"; };
		431F79641E9D58DF00EA37BE /* MenuController.m */ = {isa = PBXFileReference; fileEncoding = 4; lastKnownFileType = sourcecode.c.objc; path = MenuController.m; sourceTree = "<group>"; };
		431F796C1E9D5AB900EA37BE /* MenuCell.h */ = {isa = PBXFileReference; fileEncoding = 4; lastKnownFileType = sourcecode.c.h; path = MenuCell.h; sourceTree = "<group>"; };
		431F796D1E9D5AB900EA37BE /* MenuCell.m */ = {isa = PBXFileReference; fileEncoding = 4; lastKnownFileType = sourcecode.c.objc; path = MenuCell.m; sourceTree = "<group>"; };
		431F79731E9D689C00EA37BE /* CategoryController.h */ = {isa = PBXFileReference; fileEncoding = 4; lastKnownFileType = sourcecode.c.h; path = CategoryController.h; sourceTree = "<group>"; };
		431F79741E9D689C00EA37BE /* CategoryController.m */ = {isa = PBXFileReference; fileEncoding = 4; lastKnownFileType = sourcecode.c.objc; path = CategoryController.m; sourceTree = "<group>"; };
		431F79761E9D68AE00EA37BE /* CategoryCell.h */ = {isa = PBXFileReference; fileEncoding = 4; lastKnownFileType = sourcecode.c.h; path = CategoryCell.h; sourceTree = "<group>"; };
		431F79771E9D68AE00EA37BE /* CategoryCell.m */ = {isa = PBXFileReference; fileEncoding = 4; lastKnownFileType = sourcecode.c.objc; path = CategoryCell.m; sourceTree = "<group>"; };
		431F79791E9D6AFE00EA37BE /* NewsCell.h */ = {isa = PBXFileReference; fileEncoding = 4; lastKnownFileType = sourcecode.c.h; path = NewsCell.h; sourceTree = "<group>"; };
		431F797A1E9D6AFE00EA37BE /* NewsCell.m */ = {isa = PBXFileReference; fileEncoding = 4; lastKnownFileType = sourcecode.c.objc; path = NewsCell.m; sourceTree = "<group>"; };
		431F797C1E9D6B0B00EA37BE /* NewsController.h */ = {isa = PBXFileReference; fileEncoding = 4; lastKnownFileType = sourcecode.c.h; path = NewsController.h; sourceTree = "<group>"; };
		431F797D1E9D6B0B00EA37BE /* NewsController.m */ = {isa = PBXFileReference; fileEncoding = 4; lastKnownFileType = sourcecode.c.objc; path = NewsController.m; sourceTree = "<group>"; };
		431F797F1E9D6B2000EA37BE /* NewsInfoController.h */ = {isa = PBXFileReference; fileEncoding = 4; lastKnownFileType = sourcecode.c.h; path = NewsInfoController.h; sourceTree = "<group>"; };
		431F79801E9D6B2000EA37BE /* NewsInfoController.m */ = {isa = PBXFileReference; fileEncoding = 4; lastKnownFileType = sourcecode.c.objc; path = NewsInfoController.m; sourceTree = "<group>"; };
		431F79851E9D6D8000EA37BE /* Restaurant.h */ = {isa = PBXFileReference; fileEncoding = 4; lastKnownFileType = sourcecode.c.h; path = Restaurant.h; sourceTree = "<group>"; };
		431F79861E9D6D8000EA37BE /* Restaurant.m */ = {isa = PBXFileReference; fileEncoding = 4; lastKnownFileType = sourcecode.c.objc; path = Restaurant.m; sourceTree = "<group>"; };
		431F79891E9D701300EA37BE /* CoreLocation.framework */ = {isa = PBXFileReference; lastKnownFileType = wrapper.framework; name = CoreLocation.framework; path = System/Library/Frameworks/CoreLocation.framework; sourceTree = SDKROOT; };
		431F798B1E9D701900EA37BE /* MapKit.framework */ = {isa = PBXFileReference; lastKnownFileType = wrapper.framework; name = MapKit.framework; path = System/Library/Frameworks/MapKit.framework; sourceTree = SDKROOT; };
		432902A11EE19D9F00BE9D07 /* SettingsController.h */ = {isa = PBXFileReference; fileEncoding = 4; lastKnownFileType = sourcecode.c.h; path = SettingsController.h; sourceTree = "<group>"; };
		432902A21EE19D9F00BE9D07 /* SettingsController.m */ = {isa = PBXFileReference; fileEncoding = 4; lastKnownFileType = sourcecode.c.objc; path = SettingsController.m; sourceTree = "<group>"; };
		433363D11EE2CD3900DCCDE2 /* MessageUI.framework */ = {isa = PBXFileReference; lastKnownFileType = wrapper.framework; name = MessageUI.framework; path = System/Library/Frameworks/MessageUI.framework; sourceTree = SDKROOT; };
		433363D31EE2CD4F00DCCDE2 /* UIKit.framework */ = {isa = PBXFileReference; lastKnownFileType = wrapper.framework; name = UIKit.framework; path = System/Library/Frameworks/UIKit.framework; sourceTree = SDKROOT; };
		433363D81EE2DD3700DCCDE2 /* FAQController.h */ = {isa = PBXFileReference; fileEncoding = 4; lastKnownFileType = sourcecode.c.h; path = FAQController.h; sourceTree = "<group>"; };
		433363D91EE2DD3700DCCDE2 /* FAQController.m */ = {isa = PBXFileReference; fileEncoding = 4; lastKnownFileType = sourcecode.c.objc; path = FAQController.m; sourceTree = "<group>"; };
		433363DB1EE2DD6A00DCCDE2 /* FAQItemController.h */ = {isa = PBXFileReference; fileEncoding = 4; lastKnownFileType = sourcecode.c.h; path = FAQItemController.h; sourceTree = "<group>"; };
		433363DC1EE2DD6A00DCCDE2 /* FAQItemController.m */ = {isa = PBXFileReference; fileEncoding = 4; lastKnownFileType = sourcecode.c.objc; path = FAQItemController.m; sourceTree = "<group>"; };
		433363DE1EE2DD7C00DCCDE2 /* AboutUsController.h */ = {isa = PBXFileReference; fileEncoding = 4; lastKnownFileType = sourcecode.c.h; path = AboutUsController.h; sourceTree = "<group>"; };
		433363DF1EE2DD7C00DCCDE2 /* AboutUsController.m */ = {isa = PBXFileReference; fileEncoding = 4; lastKnownFileType = sourcecode.c.objc; path = AboutUsController.m; sourceTree = "<group>"; };
		433363E41EE2E3E600DCCDE2 /* Question.h */ = {isa = PBXFileReference; fileEncoding = 4; lastKnownFileType = sourcecode.c.h; path = Question.h; sourceTree = "<group>"; };
		433363E51EE2E3E600DCCDE2 /* Question.m */ = {isa = PBXFileReference; fileEncoding = 4; lastKnownFileType = sourcecode.c.objc; path = Question.m; sourceTree = "<group>"; };
		435ECC851ED17BB400031784 /* LogViewController.h */ = {isa = PBXFileReference; fileEncoding = 4; lastKnownFileType = sourcecode.c.h; path = LogViewController.h; sourceTree = "<group>"; };
		435ECC861ED17BB400031784 /* LogViewController.m */ = {isa = PBXFileReference; fileEncoding = 4; lastKnownFileType = sourcecode.c.objc; path = LogViewController.m; sourceTree = "<group>"; };
		435ECC881ED1EB7F00031784 /* GridViewController.h */ = {isa = PBXFileReference; fileEncoding = 4; lastKnownFileType = sourcecode.c.h; path = GridViewController.h; sourceTree = "<group>"; };
		435ECC891ED1EB7F00031784 /* GridViewController.m */ = {isa = PBXFileReference; fileEncoding = 4; lastKnownFileType = sourcecode.c.objc; path = GridViewController.m; sourceTree = "<group>"; };
		435ECCCC1EDC1AC200031784 /* Category.h */ = {isa = PBXFileReference; fileEncoding = 4; lastKnownFileType = sourcecode.c.h; path = Category.h; sourceTree = "<group>"; };
		435ECCCD1EDC1AC200031784 /* Category.m */ = {isa = PBXFileReference; fileEncoding = 4; lastKnownFileType = sourcecode.c.objc; path = Category.m; sourceTree = "<group>"; };
		435ECCCF1EDC1AD300031784 /* Product.h */ = {isa = PBXFileReference; fileEncoding = 4; lastKnownFileType = sourcecode.c.h; path = Product.h; sourceTree = "<group>"; };
		435ECCD01EDC1AD300031784 /* Product.m */ = {isa = PBXFileReference; fileEncoding = 4; lastKnownFileType = sourcecode.c.objc; path = Product.m; sourceTree = "<group>"; };
		4395AF261E9914BE005577F5 /* LoayaltyProgram.app */ = {isa = PBXFileReference; explicitFileType = wrapper.application; includeInIndex = 0; path = LoayaltyProgram.app; sourceTree = BUILT_PRODUCTS_DIR; };
		4395AF2A1E9914BE005577F5 /* main.m */ = {isa = PBXFileReference; lastKnownFileType = sourcecode.c.objc; path = main.m; sourceTree = "<group>"; };
		4395AF2C1E9914BE005577F5 /* AppDelegate.h */ = {isa = PBXFileReference; lastKnownFileType = sourcecode.c.h; path = AppDelegate.h; sourceTree = "<group>"; };
		4395AF2D1E9914BE005577F5 /* AppDelegate.m */ = {isa = PBXFileReference; lastKnownFileType = sourcecode.c.objc; path = AppDelegate.m; sourceTree = "<group>"; };
		4395AF331E9914BE005577F5 /* Base */ = {isa = PBXFileReference; lastKnownFileType = file.storyboard; name = Base; path = Base.lproj/Main.storyboard; sourceTree = "<group>"; };
		4395AF351E9914BE005577F5 /* Assets.xcassets */ = {isa = PBXFileReference; lastKnownFileType = folder.assetcatalog; path = Assets.xcassets; sourceTree = "<group>"; };
		4395AF381E9914BE005577F5 /* Base */ = {isa = PBXFileReference; lastKnownFileType = file.storyboard; name = Base; path = Base.lproj/LaunchScreen.storyboard; sourceTree = "<group>"; };
		4395AF3A1E9914BE005577F5 /* Info.plist */ = {isa = PBXFileReference; lastKnownFileType = text.plist.xml; path = Info.plist; sourceTree = "<group>"; };
		4395AF401E99158E005577F5 /* GoogleService-Info.plist */ = {isa = PBXFileReference; fileEncoding = 4; lastKnownFileType = text.plist.xml; path = "GoogleService-Info.plist"; sourceTree = "<group>"; };
		4395AF431E991701005577F5 /* FirebaseAnalytics.framework */ = {isa = PBXFileReference; lastKnownFileType = wrapper.framework; path = FirebaseAnalytics.framework; sourceTree = "<group>"; };
		4395AF441E991701005577F5 /* FirebaseCore.framework */ = {isa = PBXFileReference; lastKnownFileType = wrapper.framework; path = FirebaseCore.framework; sourceTree = "<group>"; };
		4395AF451E991701005577F5 /* FirebaseInstanceID.framework */ = {isa = PBXFileReference; lastKnownFileType = wrapper.framework; path = FirebaseInstanceID.framework; sourceTree = "<group>"; };
		4395AF461E991701005577F5 /* GoogleToolboxForMac.framework */ = {isa = PBXFileReference; lastKnownFileType = wrapper.framework; path = GoogleToolboxForMac.framework; sourceTree = "<group>"; };
		4395AF4C1E99170B005577F5 /* FirebaseAuth.framework */ = {isa = PBXFileReference; lastKnownFileType = wrapper.framework; path = FirebaseAuth.framework; sourceTree = "<group>"; };
		4395AF4D1E99170B005577F5 /* GTMSessionFetcher.framework */ = {isa = PBXFileReference; lastKnownFileType = wrapper.framework; path = GTMSessionFetcher.framework; sourceTree = "<group>"; };
		4395AF511E991716005577F5 /* FirebaseDatabase.framework */ = {isa = PBXFileReference; lastKnownFileType = wrapper.framework; path = FirebaseDatabase.framework; sourceTree = "<group>"; };
		4395AF541E99171D005577F5 /* FirebaseStorage.framework */ = {isa = PBXFileReference; lastKnownFileType = wrapper.framework; path = FirebaseStorage.framework; sourceTree = "<group>"; };
		4395AF551E99171D005577F5 /* GTMSessionFetcher.framework */ = {isa = PBXFileReference; lastKnownFileType = wrapper.framework; path = GTMSessionFetcher.framework; sourceTree = "<group>"; };
		4395AF611E99198D005577F5 /* Firebase.h */ = {isa = PBXFileReference; lastKnownFileType = sourcecode.c.h; path = Firebase.h; sourceTree = "<group>"; };
		43B3C6521E9D7B2F00588A5E /* GuestCardController.h */ = {isa = PBXFileReference; fileEncoding = 4; lastKnownFileType = sourcecode.c.h; path = GuestCardController.h; sourceTree = "<group>"; };
		43B3C6531E9D7B2F00588A5E /* GuestCardController.m */ = {isa = PBXFileReference; fileEncoding = 4; lastKnownFileType = sourcecode.c.objc; path = GuestCardController.m; sourceTree = "<group>"; };
		43B3C65C1E9D958400588A5E /* News.h */ = {isa = PBXFileReference; fileEncoding = 4; lastKnownFileType = sourcecode.c.h; path = News.h; sourceTree = "<group>"; };
		43B3C65D1E9D958400588A5E /* News.m */ = {isa = PBXFileReference; fileEncoding = 4; lastKnownFileType = sourcecode.c.objc; path = News.m; sourceTree = "<group>"; };
		43B3C6611E9DAC5200588A5E /* TabBarIcons.xcassets */ = {isa = PBXFileReference; lastKnownFileType = folder.assetcatalog; path = TabBarIcons.xcassets; sourceTree = "<group>"; };
		43B3C66B1EA391DC00588A5E /* EditProfileController.h */ = {isa = PBXFileReference; fileEncoding = 4; lastKnownFileType = sourcecode.c.h; path = EditProfileController.h; sourceTree = "<group>"; };
		43B3C66C1EA391DC00588A5E /* EditProfileController.m */ = {isa = PBXFileReference; fileEncoding = 4; lastKnownFileType = sourcecode.c.objc; path = EditProfileController.m; sourceTree = "<group>"; };
		B03421D81ED4182A0054E3ED /* UIViewController+Alerts.h */ = {isa = PBXFileReference; fileEncoding = 4; lastKnownFileType = sourcecode.c.h; path = "UIViewController+Alerts.h"; sourceTree = "<group>"; };
		B03421D91ED4182A0054E3ED /* UIViewController+Alerts.m */ = {isa = PBXFileReference; fileEncoding = 4; lastKnownFileType = sourcecode.c.objc; path = "UIViewController+Alerts.m"; sourceTree = "<group>"; };
		B0752BE71EE14D32006DDCCA /* UIElements.xcassets */ = {isa = PBXFileReference; lastKnownFileType = folder.assetcatalog; path = UIElements.xcassets; sourceTree = "<group>"; };
		B0752BE91EE15600006DDCCA /* QuartzCore.framework */ = {isa = PBXFileReference; lastKnownFileType = wrapper.framework; name = QuartzCore.framework; path = System/Library/Frameworks/QuartzCore.framework; sourceTree = SDKROOT; };
/* End PBXFileReference section */

/* Begin PBXFrameworksBuildPhase section */
		4395AF231E9914BE005577F5 /* Frameworks */ = {
			isa = PBXFrameworksBuildPhase;
			buildActionMask = 2147483647;
			files = (
				433363D41EE2CD4F00DCCDE2 /* UIKit.framework in Frameworks */,
				433363D21EE2CD3900DCCDE2 /* MessageUI.framework in Frameworks */,
				B0752BEA1EE15600006DDCCA /* QuartzCore.framework in Frameworks */,
				431F798C1E9D701900EA37BE /* MapKit.framework in Frameworks */,
				431F798A1E9D701300EA37BE /* CoreLocation.framework in Frameworks */,
				4395AF5F1E991954005577F5 /* FirebaseAuth.framework in Frameworks */,
				4395AF601E991954005577F5 /* GTMSessionFetcher.framework in Frameworks */,
				4395AF5E1E991948005577F5 /* FirebaseDatabase.framework in Frameworks */,
				4395AF5C1E99193C005577F5 /* FirebaseStorage.framework in Frameworks */,
				4395AF5D1E99193C005577F5 /* GTMSessionFetcher.framework in Frameworks */,
				4395AF581E99192B005577F5 /* FirebaseAnalytics.framework in Frameworks */,
				4395AF591E99192B005577F5 /* FirebaseCore.framework in Frameworks */,
				4395AF5A1E99192B005577F5 /* FirebaseInstanceID.framework in Frameworks */,
				4395AF5B1E99192B005577F5 /* GoogleToolboxForMac.framework in Frameworks */,
			);
			runOnlyForDeploymentPostprocessing = 0;
		};
/* End PBXFrameworksBuildPhase section */

/* Begin PBXGroup section */
		431F79381E9ABF2200EA37BE /* Controllers */ = {
			isa = PBXGroup;
			children = (
				435ECCC71EDBB6DC00031784 /* Alerts */,
				431F795B1E9BCCA700EA37BE /* Login/Registartion */,
				431F79571E9BCC6F00EA37BE /* Profile */,
				431F79581E9BCC7900EA37BE /* News */,
				431F79591E9BCC8000EA37BE /* Menu */,
				431F795A1E9BCC8700EA37BE /* Restaurants */,
				432902A41EE19DAA00BE9D07 /* Settings */,
			);
			name = Controllers;
			sourceTree = "<group>";
		};
		431F79501E9BCB7600EA37BE /* Models */ = {
			isa = PBXGroup;
			children = (
				431F79511E9BCB9200EA37BE /* User.h */,
				431F79521E9BCB9200EA37BE /* User.m */,
				431F79851E9D6D8000EA37BE /* Restaurant.h */,
				431F79861E9D6D8000EA37BE /* Restaurant.m */,
				43B3C65C1E9D958400588A5E /* News.h */,
				43B3C65D1E9D958400588A5E /* News.m */,
				435ECCCC1EDC1AC200031784 /* Category.h */,
				435ECCCD1EDC1AC200031784 /* Category.m */,
				435ECCCF1EDC1AD300031784 /* Product.h */,
				435ECCD01EDC1AD300031784 /* Product.m */,
				433363E41EE2E3E600DCCDE2 /* Question.h */,
				433363E51EE2E3E600DCCDE2 /* Question.m */,
			);
			name = Models;
			sourceTree = "<group>";
		};
		431F79571E9BCC6F00EA37BE /* Profile */ = {
			isa = PBXGroup;
			children = (
				431F793F1E9B731A00EA37BE /* ProfileController.h */,
				431F79401E9B731A00EA37BE /* ProfileController.m */,
				43B3C6521E9D7B2F00588A5E /* GuestCardController.h */,
				43B3C6531E9D7B2F00588A5E /* GuestCardController.m */,
				43B3C66B1EA391DC00588A5E /* EditProfileController.h */,
				43B3C66C1EA391DC00588A5E /* EditProfileController.m */,
			);
			name = Profile;
			sourceTree = "<group>";
		};
		431F79581E9BCC7900EA37BE /* News */ = {
			isa = PBXGroup;
			children = (
				431F79821E9D6B2900EA37BE /* Custom Cells */,
				431F797C1E9D6B0B00EA37BE /* NewsController.h */,
				431F797D1E9D6B0B00EA37BE /* NewsController.m */,
				431F797F1E9D6B2000EA37BE /* NewsInfoController.h */,
				431F79801E9D6B2000EA37BE /* NewsInfoController.m */,
			);
			name = News;
			sourceTree = "<group>";
		};
		431F79591E9BCC8000EA37BE /* Menu */ = {
			isa = PBXGroup;
			children = (
				431F796F1E9D5ABF00EA37BE /* Custom Cells */,
				431F79631E9D58DF00EA37BE /* MenuController.h */,
				431F79641E9D58DF00EA37BE /* MenuController.m */,
				431F79731E9D689C00EA37BE /* CategoryController.h */,
				431F79741E9D689C00EA37BE /* CategoryController.m */,
			);
			name = Menu;
			sourceTree = "<group>";
		};
		431F795A1E9BCC8700EA37BE /* Restaurants */ = {
			isa = PBXGroup;
			children = (
				431F794D1E9BCAD700EA37BE /* RestaurantsController.h */,
				431F794E1E9BCAD700EA37BE /* RestaurantsController.m */,
			);
			name = Restaurants;
			sourceTree = "<group>";
		};
		431F795B1E9BCCA700EA37BE /* Login/Registartion */ = {
			isa = PBXGroup;
			children = (
				431F79391E9ABF4300EA37BE /* LoginController.h */,
				431F793A1E9ABF4300EA37BE /* LoginController.m */,
			);
			name = Login/Registartion;
			sourceTree = "<group>";
		};
		431F796F1E9D5ABF00EA37BE /* Custom Cells */ = {
			isa = PBXGroup;
			children = (
				431F796C1E9D5AB900EA37BE /* MenuCell.h */,
				431F796D1E9D5AB900EA37BE /* MenuCell.m */,
				431F79761E9D68AE00EA37BE /* CategoryCell.h */,
				431F79771E9D68AE00EA37BE /* CategoryCell.m */,
			);
			name = "Custom Cells";
			sourceTree = "<group>";
		};
		431F79821E9D6B2900EA37BE /* Custom Cells */ = {
			isa = PBXGroup;
			children = (
				431F79791E9D6AFE00EA37BE /* NewsCell.h */,
				431F797A1E9D6AFE00EA37BE /* NewsCell.m */,
			);
			name = "Custom Cells";
			sourceTree = "<group>";
		};
		431F79881E9D701300EA37BE /* Frameworks */ = {
			isa = PBXGroup;
			children = (
				433363D31EE2CD4F00DCCDE2 /* UIKit.framework */,
				433363D11EE2CD3900DCCDE2 /* MessageUI.framework */,
				B0752BE91EE15600006DDCCA /* QuartzCore.framework */,
				431F798B1E9D701900EA37BE /* MapKit.framework */,
				431F79891E9D701300EA37BE /* CoreLocation.framework */,
			);
			name = Frameworks;
			sourceTree = "<group>";
		};
		432902A41EE19DAA00BE9D07 /* Settings */ = {
			isa = PBXGroup;
			children = (
				432902A11EE19D9F00BE9D07 /* SettingsController.h */,
				432902A21EE19D9F00BE9D07 /* SettingsController.m */,
				433363D81EE2DD3700DCCDE2 /* FAQController.h */,
				433363D91EE2DD3700DCCDE2 /* FAQController.m */,
				433363DB1EE2DD6A00DCCDE2 /* FAQItemController.h */,
				433363DC1EE2DD6A00DCCDE2 /* FAQItemController.m */,
				433363DE1EE2DD7C00DCCDE2 /* AboutUsController.h */,
				433363DF1EE2DD7C00DCCDE2 /* AboutUsController.m */,
			);
			name = Settings;
			sourceTree = "<group>";
		};
		435ECCC71EDBB6DC00031784 /* Alerts */ = {
			isa = PBXGroup;
			children = (
				B03421D81ED4182A0054E3ED /* UIViewController+Alerts.h */,
				B03421D91ED4182A0054E3ED /* UIViewController+Alerts.m */,
			);
			name = Alerts;
			sourceTree = "<group>";
		};
		435ECCC81EDBB70200031784 /* Controllers for experiments */ = {
			isa = PBXGroup;
			children = (
				435ECC851ED17BB400031784 /* LogViewController.h */,
				435ECC861ED17BB400031784 /* LogViewController.m */,
				435ECC881ED1EB7F00031784 /* GridViewController.h */,
				435ECC891ED1EB7F00031784 /* GridViewController.m */,
			);
			name = "Controllers for experiments";
			sourceTree = "<group>";
		};
		4395AF1D1E9914BE005577F5 = {
			isa = PBXGroup;
			children = (
				4395AF281E9914BE005577F5 /* LoayaltyProgram */,
				4395AF271E9914BE005577F5 /* Products */,
				431F79881E9D701300EA37BE /* Frameworks */,
			);
			sourceTree = "<group>";
		};
		4395AF271E9914BE005577F5 /* Products */ = {
			isa = PBXGroup;
			children = (
				4395AF261E9914BE005577F5 /* LoayaltyProgram.app */,
			);
			name = Products;
			sourceTree = "<group>";
		};
		4395AF281E9914BE005577F5 /* LoayaltyProgram */ = {
			isa = PBXGroup;
			children = (
				4395AF2C1E9914BE005577F5 /* AppDelegate.h */,
				4395AF2D1E9914BE005577F5 /* AppDelegate.m */,
				431F79501E9BCB7600EA37BE /* Models */,
				431F79381E9ABF2200EA37BE /* Controllers */,
				4395AF321E9914BE005577F5 /* Main.storyboard */,
				435ECCC81EDBB70200031784 /* Controllers for experiments */,
				B0752BE71EE14D32006DDCCA /* UIElements.xcassets */,
				43B3C6611E9DAC5200588A5E /* TabBarIcons.xcassets */,
				4395AF351E9914BE005577F5 /* Assets.xcassets */,
				4395AF371E9914BE005577F5 /* LaunchScreen.storyboard */,
				4395AF401E99158E005577F5 /* GoogleService-Info.plist */,
				4395AF3A1E9914BE005577F5 /* Info.plist */,
				4395AF621E9919BB005577F5 /* Firebase */,
				4395AF291E9914BE005577F5 /* Supporting Files */,
			);
			path = LoayaltyProgram;
			sourceTree = "<group>";
		};
		4395AF291E9914BE005577F5 /* Supporting Files */ = {
			isa = PBXGroup;
			children = (
				4395AF2A1E9914BE005577F5 /* main.m */,
			);
			name = "Supporting Files";
			sourceTree = "<group>";
		};
		4395AF421E991701005577F5 /* Analytics */ = {
			isa = PBXGroup;
			children = (
				4395AF431E991701005577F5 /* FirebaseAnalytics.framework */,
				4395AF441E991701005577F5 /* FirebaseCore.framework */,
				4395AF451E991701005577F5 /* FirebaseInstanceID.framework */,
				4395AF461E991701005577F5 /* GoogleToolboxForMac.framework */,
			);
			path = Analytics;
			sourceTree = "<group>";
		};
		4395AF4B1E99170B005577F5 /* Auth */ = {
			isa = PBXGroup;
			children = (
				4395AF4C1E99170B005577F5 /* FirebaseAuth.framework */,
				4395AF4D1E99170B005577F5 /* GTMSessionFetcher.framework */,
			);
			path = Auth;
			sourceTree = "<group>";
		};
		4395AF501E991716005577F5 /* Database */ = {
			isa = PBXGroup;
			children = (
				4395AF511E991716005577F5 /* FirebaseDatabase.framework */,
			);
			path = Database;
			sourceTree = "<group>";
		};
		4395AF531E99171D005577F5 /* Storage */ = {
			isa = PBXGroup;
			children = (
				4395AF541E99171D005577F5 /* FirebaseStorage.framework */,
				4395AF551E99171D005577F5 /* GTMSessionFetcher.framework */,
			);
			path = Storage;
			sourceTree = "<group>";
		};
		4395AF621E9919BB005577F5 /* Firebase */ = {
			isa = PBXGroup;
			children = (
				4395AF611E99198D005577F5 /* Firebase.h */,
				4395AF421E991701005577F5 /* Analytics */,
				4395AF4B1E99170B005577F5 /* Auth */,
				4395AF501E991716005577F5 /* Database */,
				4395AF531E99171D005577F5 /* Storage */,
			);
			name = Firebase;
			sourceTree = "<group>";
		};
/* End PBXGroup section */

/* Begin PBXNativeTarget section */
		4395AF251E9914BE005577F5 /* LoayaltyProgram */ = {
			isa = PBXNativeTarget;
			buildConfigurationList = 4395AF3D1E9914BE005577F5 /* Build configuration list for PBXNativeTarget "LoayaltyProgram" */;
			buildPhases = (
				4395AF221E9914BE005577F5 /* Sources */,
				4395AF231E9914BE005577F5 /* Frameworks */,
				4395AF241E9914BE005577F5 /* Resources */,
			);
			buildRules = (
			);
			dependencies = (
			);
			name = LoayaltyProgram;
			productName = LoayaltyProgram;
			productReference = 4395AF261E9914BE005577F5 /* LoayaltyProgram.app */;
			productType = "com.apple.product-type.application";
		};
/* End PBXNativeTarget section */

/* Begin PBXProject section */
		4395AF1E1E9914BE005577F5 /* Project object */ = {
			isa = PBXProject;
			attributes = {
				LastUpgradeCheck = 0820;
				ORGANIZATIONNAME = "Bogdan Chaikovsky";
				TargetAttributes = {
					4395AF251E9914BE005577F5 = {
						CreatedOnToolsVersion = 8.2;
						DevelopmentTeam = LB8V6BYW89;
						ProvisioningStyle = Automatic;
					};
				};
			};
			buildConfigurationList = 4395AF211E9914BE005577F5 /* Build configuration list for PBXProject "LoayaltyProgram" */;
			compatibilityVersion = "Xcode 3.2";
			developmentRegion = English;
			hasScannedForEncodings = 0;
			knownRegions = (
				en,
				Base,
			);
			mainGroup = 4395AF1D1E9914BE005577F5;
			productRefGroup = 4395AF271E9914BE005577F5 /* Products */;
			projectDirPath = "";
			projectRoot = "";
			targets = (
				4395AF251E9914BE005577F5 /* LoayaltyProgram */,
			);
		};
/* End PBXProject section */

/* Begin PBXResourcesBuildPhase section */
		4395AF241E9914BE005577F5 /* Resources */ = {
			isa = PBXResourcesBuildPhase;
			buildActionMask = 2147483647;
			files = (
				4395AF391E9914BE005577F5 /* LaunchScreen.storyboard in Resources */,
				B0752BE81EE14D32006DDCCA /* UIElements.xcassets in Resources */,
				4395AF411E99158E005577F5 /* GoogleService-Info.plist in Resources */,
				4395AF361E9914BE005577F5 /* Assets.xcassets in Resources */,
				4395AF341E9914BE005577F5 /* Main.storyboard in Resources */,
				43B3C6621E9DAC5200588A5E /* TabBarIcons.xcassets in Resources */,
			);
			runOnlyForDeploymentPostprocessing = 0;
		};
/* End PBXResourcesBuildPhase section */

/* Begin PBXSourcesBuildPhase section */
		4395AF221E9914BE005577F5 /* Sources */ = {
			isa = PBXSourcesBuildPhase;
			buildActionMask = 2147483647;
			files = (
				431F797E1E9D6B0B00EA37BE /* NewsController.m in Sources */,
				431F79871E9D6D8000EA37BE /* Restaurant.m in Sources */,
				4395AF2E1E9914BE005577F5 /* AppDelegate.m in Sources */,
				43B3C65E1E9D958400588A5E /* News.m in Sources */,
				431F79531E9BCB9200EA37BE /* User.m in Sources */,
				431F797B1E9D6AFE00EA37BE /* NewsCell.m in Sources */,
				433363E61EE2E3E600DCCDE2 /* Question.m in Sources */,
				431F796E1E9D5AB900EA37BE /* MenuCell.m in Sources */,
				435ECCCE1EDC1AC200031784 /* Category.m in Sources */,
				431F79651E9D58DF00EA37BE /* MenuController.m in Sources */,
				431F79411E9B731A00EA37BE /* ProfileController.m in Sources */,
				435ECC8A1ED1EB7F00031784 /* GridViewController.m in Sources */,
				431F794F1E9BCAD700EA37BE /* RestaurantsController.m in Sources */,
				B03421DA1ED4182A0054E3ED /* UIViewController+Alerts.m in Sources */,
				433363E01EE2DD7C00DCCDE2 /* AboutUsController.m in Sources */,
				435ECCD11EDC1AD300031784 /* Product.m in Sources */,
				433363DA1EE2DD3700DCCDE2 /* FAQController.m in Sources */,
				432902A31EE19D9F00BE9D07 /* SettingsController.m in Sources */,
				431F79781E9D68AE00EA37BE /* CategoryCell.m in Sources */,
				435ECC871ED17BB400031784 /* LogViewController.m in Sources */,
				4395AF2B1E9914BE005577F5 /* main.m in Sources */,
				43B3C66D1EA391DC00588A5E /* EditProfileController.m in Sources */,
				43B3C6541E9D7B2F00588A5E /* GuestCardController.m in Sources */,
				431F79751E9D689C00EA37BE /* CategoryController.m in Sources */,
				431F79811E9D6B2000EA37BE /* NewsInfoController.m in Sources */,
				431F793B1E9ABF4300EA37BE /* LoginController.m in Sources */,
				433363DD1EE2DD6A00DCCDE2 /* FAQItemController.m in Sources */,
			);
			runOnlyForDeploymentPostprocessing = 0;
		};
/* End PBXSourcesBuildPhase section */

/* Begin PBXVariantGroup section */
		4395AF321E9914BE005577F5 /* Main.storyboard */ = {
			isa = PBXVariantGroup;
			children = (
				4395AF331E9914BE005577F5 /* Base */,
			);
			name = Main.storyboard;
			sourceTree = "<group>";
		};
		4395AF371E9914BE005577F5 /* LaunchScreen.storyboard */ = {
			isa = PBXVariantGroup;
			children = (
				4395AF381E9914BE005577F5 /* Base */,
			);
			name = LaunchScreen.storyboard;
			sourceTree = "<group>";
		};
/* End PBXVariantGroup section */

/* Begin XCBuildConfiguration section */
		4395AF3B1E9914BE005577F5 /* Debug */ = {
			isa = XCBuildConfiguration;
			buildSettings = {
				ALWAYS_SEARCH_USER_PATHS = NO;
				CLANG_ANALYZER_NONNULL = YES;
				CLANG_CXX_LANGUAGE_STANDARD = "gnu++0x";
				CLANG_CXX_LIBRARY = "libc++";
				CLANG_ENABLE_MODULES = YES;
				CLANG_ENABLE_OBJC_ARC = YES;
				CLANG_WARN_BOOL_CONVERSION = YES;
				CLANG_WARN_CONSTANT_CONVERSION = YES;
				CLANG_WARN_DIRECT_OBJC_ISA_USAGE = YES_ERROR;
				CLANG_WARN_DOCUMENTATION_COMMENTS = YES;
				CLANG_WARN_EMPTY_BODY = YES;
				CLANG_WARN_ENUM_CONVERSION = YES;
				CLANG_WARN_INFINITE_RECURSION = YES;
				CLANG_WARN_INT_CONVERSION = YES;
				CLANG_WARN_OBJC_ROOT_CLASS = YES_ERROR;
				CLANG_WARN_SUSPICIOUS_MOVE = YES;
				CLANG_WARN_UNREACHABLE_CODE = YES;
				CLANG_WARN__DUPLICATE_METHOD_MATCH = YES;
				"CODE_SIGN_IDENTITY[sdk=iphoneos*]" = "iPhone Developer";
				COPY_PHASE_STRIP = NO;
				DEBUG_INFORMATION_FORMAT = dwarf;
				ENABLE_STRICT_OBJC_MSGSEND = YES;
				ENABLE_TESTABILITY = YES;
				GCC_C_LANGUAGE_STANDARD = gnu99;
				GCC_DYNAMIC_NO_PIC = NO;
				GCC_NO_COMMON_BLOCKS = YES;
				GCC_OPTIMIZATION_LEVEL = 0;
				GCC_PREPROCESSOR_DEFINITIONS = (
					"DEBUG=1",
					"$(inherited)",
				);
				GCC_WARN_64_TO_32_BIT_CONVERSION = YES;
				GCC_WARN_ABOUT_RETURN_TYPE = YES_ERROR;
				GCC_WARN_UNDECLARED_SELECTOR = YES;
				GCC_WARN_UNINITIALIZED_AUTOS = YES_AGGRESSIVE;
				GCC_WARN_UNUSED_FUNCTION = YES;
				GCC_WARN_UNUSED_VARIABLE = YES;
				IPHONEOS_DEPLOYMENT_TARGET = 9.0;
				MTL_ENABLE_DEBUG_INFO = YES;
				ONLY_ACTIVE_ARCH = YES;
				OTHER_LDFLAGS = (
					"$(OTHER_LDFLAGS)",
					"-ObjC",
				);
				SDKROOT = iphoneos;
				TARGETED_DEVICE_FAMILY = "1,2";
			};
			name = Debug;
		};
		4395AF3C1E9914BE005577F5 /* Release */ = {
			isa = XCBuildConfiguration;
			buildSettings = {
				ALWAYS_SEARCH_USER_PATHS = NO;
				CLANG_ANALYZER_NONNULL = YES;
				CLANG_CXX_LANGUAGE_STANDARD = "gnu++0x";
				CLANG_CXX_LIBRARY = "libc++";
				CLANG_ENABLE_MODULES = YES;
				CLANG_ENABLE_OBJC_ARC = YES;
				CLANG_WARN_BOOL_CONVERSION = YES;
				CLANG_WARN_CONSTANT_CONVERSION = YES;
				CLANG_WARN_DIRECT_OBJC_ISA_USAGE = YES_ERROR;
				CLANG_WARN_DOCUMENTATION_COMMENTS = YES;
				CLANG_WARN_EMPTY_BODY = YES;
				CLANG_WARN_ENUM_CONVERSION = YES;
				CLANG_WARN_INFINITE_RECURSION = YES;
				CLANG_WARN_INT_CONVERSION = YES;
				CLANG_WARN_OBJC_ROOT_CLASS = YES_ERROR;
				CLANG_WARN_SUSPICIOUS_MOVE = YES;
				CLANG_WARN_UNREACHABLE_CODE = YES;
				CLANG_WARN__DUPLICATE_METHOD_MATCH = YES;
				"CODE_SIGN_IDENTITY[sdk=iphoneos*]" = "iPhone Developer";
				COPY_PHASE_STRIP = NO;
				DEBUG_INFORMATION_FORMAT = "dwarf-with-dsym";
				ENABLE_NS_ASSERTIONS = NO;
				ENABLE_STRICT_OBJC_MSGSEND = YES;
				GCC_C_LANGUAGE_STANDARD = gnu99;
				GCC_NO_COMMON_BLOCKS = YES;
				GCC_WARN_64_TO_32_BIT_CONVERSION = YES;
				GCC_WARN_ABOUT_RETURN_TYPE = YES_ERROR;
				GCC_WARN_UNDECLARED_SELECTOR = YES;
				GCC_WARN_UNINITIALIZED_AUTOS = YES_AGGRESSIVE;
				GCC_WARN_UNUSED_FUNCTION = YES;
				GCC_WARN_UNUSED_VARIABLE = YES;
				IPHONEOS_DEPLOYMENT_TARGET = 9.0;
				MTL_ENABLE_DEBUG_INFO = NO;
				OTHER_LDFLAGS = (
					"$(OTHER_LDFLAGS)",
					"-ObjC",
				);
				SDKROOT = iphoneos;
				TARGETED_DEVICE_FAMILY = "1,2";
				VALIDATE_PRODUCT = YES;
			};
			name = Release;
		};
		4395AF3E1E9914BE005577F5 /* Debug */ = {
			isa = XCBuildConfiguration;
			buildSettings = {
				ASSETCATALOG_COMPILER_APPICON_NAME = AppIcon;
				DEVELOPMENT_TEAM = LB8V6BYW89;
				FRAMEWORK_SEARCH_PATHS = (
					"$(inherited)",
					"$(PROJECT_DIR)/LoayaltyProgram/Analytics",
					"$(PROJECT_DIR)/LoayaltyProgram/Auth",
					"$(PROJECT_DIR)/LoayaltyProgram/Database",
					"$(PROJECT_DIR)/LoayaltyProgram/Storage",
				);
				INFOPLIST_FILE = LoayaltyProgram/Info.plist;
				IPHONEOS_DEPLOYMENT_TARGET = 9.0;
				LD_RUNPATH_SEARCH_PATHS = "$(inherited) @executable_path/Frameworks";
				PRODUCT_BUNDLE_IDENTIFIER = com.chaikovsky.LoayaltyProgram;
				PRODUCT_NAME = "$(TARGET_NAME)";
			};
			name = Debug;
		};
		4395AF3F1E9914BE005577F5 /* Release */ = {
			isa = XCBuildConfiguration;
			buildSettings = {
				ASSETCATALOG_COMPILER_APPICON_NAME = AppIcon;
				DEVELOPMENT_TEAM = LB8V6BYW89;
				FRAMEWORK_SEARCH_PATHS = (
					"$(inherited)",
					"$(PROJECT_DIR)/LoayaltyProgram/Analytics",
					"$(PROJECT_DIR)/LoayaltyProgram/Auth",
					"$(PROJECT_DIR)/LoayaltyProgram/Database",
					"$(PROJECT_DIR)/LoayaltyProgram/Storage",
				);
				INFOPLIST_FILE = LoayaltyProgram/Info.plist;
				IPHONEOS_DEPLOYMENT_TARGET = 9.0;
				LD_RUNPATH_SEARCH_PATHS = "$(inherited) @executable_path/Frameworks";
				PRODUCT_BUNDLE_IDENTIFIER = com.chaikovsky.LoayaltyProgram;
				PRODUCT_NAME = "$(TARGET_NAME)";
			};
			name = Release;
		};
/* End XCBuildConfiguration section */

/* Begin XCConfigurationList section */
		4395AF211E9914BE005577F5 /* Build configuration list for PBXProject "LoayaltyProgram" */ = {
			isa = XCConfigurationList;
			buildConfigurations = (
				4395AF3B1E9914BE005577F5 /* Debug */,
				4395AF3C1E9914BE005577F5 /* Release */,
			);
			defaultConfigurationIsVisible = 0;
			defaultConfigurationName = Release;
		};
		4395AF3D1E9914BE005577F5 /* Build configuration list for PBXNativeTarget "LoayaltyProgram" */ = {
			isa = XCConfigurationList;
			buildConfigurations = (
				4395AF3E1E9914BE005577F5 /* Debug */,
				4395AF3F1E9914BE005577F5 /* Release */,
			);
			defaultConfigurationIsVisible = 0;
			defaultConfigurationName = Release;
		};
/* End XCConfigurationList section */
	};
	rootObject = 4395AF1E1E9914BE005577F5 /* Project object */;
}
